
Microsoft Visual Studio Solution File, Format Version 12.00
# Visual Studio 15
VisualStudioVersion = 15.0.28307.136
MinimumVisualStudioVersion = 10.0.40219.1
Project("{FAE04EC0-301F-11D3-BF4B-00C04F79EFBC}") = "Stegano", "Stegano\Stegano.csproj", "{349AE0DA-5CC5-484F-9C08-22C7F85123BB}"
EndProject
Global
	GlobalSection(SolutionConfigurationPlatforms) = preSolution
		Debug|Any CPU = Debug|Any CPU
		Release|Any CPU = Release|Any CPU
	EndGlobalSection
	GlobalSection(ProjectConfigurationPlatforms) = postSolution
		{349AE0DA-5CC5-484F-9C08-22C7F85123BB}.Debug|Any CPU.ActiveCfg = Debug|Any CPU
		{349AE0DA-5CC5-484F-9C08-22C7F85123BB}.Debug|Any CPU.Build.0 = Debug|Any CPU
		{349AE0DA-5CC5-484F-9C08-22C7F85123BB}.Release|Any CPU.ActiveCfg = Release|Any CPU
		{349AE0DA-5CC5-484F-9C08-22C7F85123BB}.Release|Any CPU.Build.0 = Release|Any CPU
	EndGlobalSection
	GlobalSection(SolutionProperties) = preSolution
		HideSolutionNode = FALSE
	EndGlobalSection
	GlobalSection(ExtensibilityGlobals) = postSolution
		SolutionGuid = {F2EEE426-78FF-469E-9A80-8AAFA6CBBE73}
	EndGlobalSection
EndGlobal
